<?xml version="1.0" encoding="utf-8"?>
<Project ToolsVersion="4.0" xmlns="http://schemas.microsoft.com/developer/msbuild/2003">
  <ItemGroup>
    <Filter Include="源文件">
      <UniqueIdentifier>{4FC737F1-C7A5-4376-A066-2A32D752A2FF}</UniqueIdentifier>
      <Extensions>cpp;c;cc;cxx;c++;cppm;ixx;def;odl;idl;hpj;bat;asm;asmx</Extensions>
    </Filter>
    <Filter Include="头文件">
      <UniqueIdentifier>{93995380-89BD-4b04-88EB-625FBE52EBFB}</UniqueIdentifier>
      <Extensions>h;hh;hpp;hxx;h++;hm;inl;inc;ipp;xsd</Extensions>
    </Filter>
    <Filter Include="资源文件">
      <UniqueIdentifier>{67DA6AB6-F800-4c08-8B7A-83BB121AAD01}</UniqueIdentifier>
      <Extensions>rc;ico;cur;bmp;dlg;rc2;rct;bin;rgs;gif;jpg;jpeg;jpe;resx;tiff;tif;png;wav;mfcribbon-ms</Extensions>
    </Filter>
  </ItemGroup>
  <ItemGroup>
    <ClCompile Include="week 3.cpp">
      <Filter>源文件</Filter>
    </ClCompile>
    <ClCompile Include="week4.cpp">
      <Filter>源文件</Filter>
    </ClCompile>
    <ClCompile Include="week5.cpp">
      <Filter>源文件</Filter>
    </ClCompile>
    <ClCompile Include="week6.cpp">
      <Filter>源文件</Filter>
    </ClCompile>
    <ClCompile Include="week7上机.cpp">
      <Filter>源文件</Filter>
    </ClCompile>
    <ClCompile Include="week7课后.cpp">
      <Filter>源文件</Filter>
    </ClCompile>
    <ClCompile Include="week8上机.cpp">
      <Filter>源文件</Filter>
    </ClCompile>
    <ClCompile Include="week8 课后.cpp">
      <Filter>源文件</Filter>
    </ClCompile>
    <ClCompile Include="week9上机.cpp">
      <Filter>源文件</Filter>
    </ClCompile>
    <ClCompile Include="week9课后.cpp">
      <Filter>源文件</Filter>
    </ClCompile>
    <ClCompile Include="week10上机.cpp">
      <Filter>源文件</Filter>
    </ClCompile>
    <ClCompile Include="week10课后.cpp">
      <Filter>源文件</Filter>
    </ClCompile>
    <ClCompile Include="week11课后.cpp">
      <Filter>源文件</Filter>
    </ClCompile>
    <ClCompile Include="week11 上机.cpp">
      <Filter>源文件</Filter>
    </ClCompile>
    <ClCompile Include="week12 课后.cpp">
      <Filter>源文件</Filter>
    </ClCompile>
    <ClCompile Include="week12 上机.cpp">
      <Filter>源文件</Filter>
    </ClCompile>
    <ClCompile Include="week13 上机.cpp">
      <Filter>源文件</Filter>
    </ClCompile>
    <ClCompile Include="week13 课后.cpp">
      <Filter>源文件</Filter>
    </ClCompile>
    <ClCompile Include="week14 上机.cpp">
      <Filter>源文件</Filter>
    </ClCompile>
    <ClCompile Include="week14 课后.cpp">
      <Filter>源文件</Filter>
    </ClCompile>
    <ClCompile Include="week15上机.cpp">
      <Filter>源文件</Filter>
    </ClCompile>
    <ClCompile Include="week15课后.cpp">
      <Filter>源文件</Filter>
    </ClCompile>
    <ClCompile Include="week16课后.cpp">
      <Filter>源文件</Filter>
    </ClCompile>
    <ClCompile Include="期末考.cpp">
      <Filter>源文件</Filter>
    </ClCompile>
  </ItemGroup>
</Project>